
Microsoft Visual Studio Solution File, Format Version 12.00
# Visual Studio 2013
VisualStudioVersion = 12.0.21005.1
MinimumVisualStudioVersion = 10.0.40219.1
Project("{FAE04EC0-301F-11D3-BF4B-00C04F79EFBC}") = "API", "v1\API.csproj", "{024F347D-CD38-4850-B73E-79DF6C06AF14}"
EndProject
Project("{2150E333-8FDC-42A3-9474-1A3956D46DE8}") = "Framework", "Framework", "{72596355-7DA3-434C-9E17-ACFFD92E6A7F}"
EndProject
Project("{E24C65DC-7377-472B-9ABA-BC803B73C61A}") = "app", "http://localhost:4632", "{4C4A2778-F76D-4D6C-A3C1-85ED25F1414B}"
	ProjectSection(WebsiteProperties) = preProject
		UseIISExpress = "true"
		TargetFrameworkMoniker = ".NETFramework,Version%3Dv4.0"
		Debug.AspNetCompiler.VirtualPath = "/localhost_4632"
		Debug.AspNetCompiler.PhysicalPath = "..\Web\app\"
		Debug.AspNetCompiler.TargetPath = "PrecompiledWeb\localhost_4632\"
		Debug.AspNetCompiler.Updateable = "true"
		Debug.AspNetCompiler.ForceOverwrite = "true"
		Debug.AspNetCompiler.FixedNames = "false"
		Debug.AspNetCompiler.Debug = "True"
		Release.AspNetCompiler.VirtualPath = "/localhost_4632"
		Release.AspNetCompiler.PhysicalPath = "..\Web\app\"
		Release.AspNetCompiler.TargetPath = "PrecompiledWeb\localhost_4632\"
		Release.AspNetCompiler.Updateable = "true"
		Release.AspNetCompiler.ForceOverwrite = "true"
		Release.AspNetCompiler.FixedNames = "false"
		Release.AspNetCompiler.Debug = "False"
		SlnRelativePath = "..\Web\app\"
	EndProjectSection
EndProject
Project("{FAE04EC0-301F-11D3-BF4B-00C04F79EFBC}") = "Karma", "..\..\..\..\Arquitectura\NET\Karma\Karma.csproj", "{53407C84-10BE-40CF-BD5B-17890A894FBA}"
EndProject
Global
	GlobalSection(SolutionConfigurationPlatforms) = preSolution
		Debug|Any CPU = Debug|Any CPU
		Release|Any CPU = Release|Any CPU
	EndGlobalSection
	GlobalSection(ProjectConfigurationPlatforms) = postSolution
		{024F347D-CD38-4850-B73E-79DF6C06AF14}.Debug|Any CPU.ActiveCfg = Debug|Any CPU
		{024F347D-CD38-4850-B73E-79DF6C06AF14}.Debug|Any CPU.Build.0 = Debug|Any CPU
		{024F347D-CD38-4850-B73E-79DF6C06AF14}.Release|Any CPU.ActiveCfg = Release|Any CPU
		{024F347D-CD38-4850-B73E-79DF6C06AF14}.Release|Any CPU.Build.0 = Release|Any CPU
		{4C4A2778-F76D-4D6C-A3C1-85ED25F1414B}.Debug|Any CPU.ActiveCfg = Debug|Any CPU
		{4C4A2778-F76D-4D6C-A3C1-85ED25F1414B}.Release|Any CPU.ActiveCfg = Debug|Any CPU
		{4C4A2778-F76D-4D6C-A3C1-85ED25F1414B}.Release|Any CPU.Build.0 = Debug|Any CPU
		{53407C84-10BE-40CF-BD5B-17890A894FBA}.Debug|Any CPU.ActiveCfg = Debug|Any CPU
		{53407C84-10BE-40CF-BD5B-17890A894FBA}.Debug|Any CPU.Build.0 = Debug|Any CPU
		{53407C84-10BE-40CF-BD5B-17890A894FBA}.Release|Any CPU.ActiveCfg = Release|Any CPU
		{53407C84-10BE-40CF-BD5B-17890A894FBA}.Release|Any CPU.Build.0 = Release|Any CPU
	EndGlobalSection
	GlobalSection(SolutionProperties) = preSolution
		HideSolutionNode = FALSE
	EndGlobalSection
	GlobalSection(NestedProjects) = preSolution
		{53407C84-10BE-40CF-BD5B-17890A894FBA} = {72596355-7DA3-434C-9E17-ACFFD92E6A7F}
	EndGlobalSection
EndGlobal
